<?xml version="1.0" encoding="utf-8"?>
<Project ToolsVersion="4.0" xmlns="http://schemas.microsoft.com/developer/msbuild/2003">
  <ItemGroup>
    <Filter Include="frontends">
      <UniqueIdentifier>{328775f0-ba07-425e-b9c6-e99e132d17cd}</UniqueIdentifier>
    </Filter>
    <Filter Include="backends">
      <UniqueIdentifier>{ab44a4b3-3d8f-4e1a-87a7-254e753e1587}</UniqueIdentifier>
    </Filter>
    <Filter Include="backends\solid_color_cuda">
      <UniqueIdentifier>{17474560-c10f-41e9-a89c-7d681d5aa975}</UniqueIdentifier>
    </Filter>
    <Filter Include="frontends\frontend_controller">
      <UniqueIdentifier>{e9dcff1f-d8d7-452f-bf67-003875d9675c}</UniqueIdentifier>
    </Filter>
    <Filter Include="frontends\sdl">
      <UniqueIdentifier>{cb3e24fd-ed2d-4844-9526-58e509ed1b4f}</UniqueIdentifier>
    </Filter>
    <Filter Include="frontends\image">
      <UniqueIdentifier>{ad14b7a4-55d5-40e5-a0f9-2e571a007a54}</UniqueIdentifier>
    </Filter>
    <Filter Include="scene">
      <UniqueIdentifier>{c195ca05-1841-4b76-8160-2c438b803a2c}</UniqueIdentifier>
    </Filter>
    <Filter Include="application">
      <UniqueIdentifier>{ec8a798c-ff98-4cc7-a4f3-5041d17b4bca}</UniqueIdentifier>
    </Filter>
    <Filter Include="backends\ray_tracing">
      <UniqueIdentifier>{12763184-26a8-4030-b40b-c9a4596b0b57}</UniqueIdentifier>
	</Filter>
    <Filter Include="scene\scene_loaders">
      <UniqueIdentifier>{b6400b15-70a4-4ec4-a7d9-a33fd6521818}</UniqueIdentifier>
    </Filter>
    <Filter Include="backends\cuda_backend">
      <UniqueIdentifier>{212ee0e3-1084-4fd7-8898-245474dc969d}</UniqueIdentifier>
    </Filter>
    <Filter Include="backends\random_cuda">
      <UniqueIdentifier>{9b71263a-9af6-410d-98d6-5fa56a9ac536}</UniqueIdentifier>
    </Filter>
  </ItemGroup>
  <ItemGroup>
    <ClCompile Include="backends\Backend.cpp">
      <Filter>backends</Filter>
    </ClCompile>
    <ClCompile Include="frontends\frontend_controller\CountDownLatch.cpp">
      <Filter>frontends\frontend_controller</Filter>
    </ClCompile>
    <ClCompile Include="frontends\frontend_controller\FrontendController.cpp">
      <Filter>frontends\frontend_controller</Filter>
    </ClCompile>
    <ClCompile Include="frontends\sdl\SDLError.cpp">
      <Filter>frontends\sdl</Filter>
    </ClCompile>
    <ClCompile Include="frontends\sdl\SDLFrontend.cpp">
      <Filter>frontends\sdl</Filter>
    </ClCompile>
    <ClCompile Include="backends\Image.cpp">
      <Filter>backends</Filter>
    </ClCompile>
    <ClCompile Include="frontends\Frontend.cpp">
      <Filter>frontends</Filter>
    </ClCompile>
    <ClCompile Include="frontends\image\ImageError.cpp">
      <Filter>frontends\image</Filter>
    </ClCompile>
    <ClCompile Include="frontends\image\ImageFrontend.cpp">
      <Filter>frontends\image</Filter>
    </ClCompile>
    <ClCompile Include="frontends\frontend_controller\FrontendInstance.cpp">
      <Filter>frontends\frontend_controller</Filter>
    </ClCompile>
    <ClCompile Include="scene\Triangle.cpp">
      <Filter>scene</Filter>
    </ClCompile>
    <ClCompile Include="scene\Vector.cpp">
      <Filter>scene</Filter>
    </ClCompile>
    <ClCompile Include="scene\Point.cpp">
      <Filter>scene</Filter>
    </ClCompile>
    <ClCompile Include="application\Application.cpp">
      <Filter>application</Filter>
    </ClCompile>
    <ClCompile Include="application\BackendInitializer.cpp">
      <Filter>application</Filter>
    </ClCompile>
    <ClCompile Include="application\main.cpp">
      <Filter>application</Filter>
    </ClCompile>
    <ClCompile Include="scene\Color.cpp">
      <Filter>scene</Filter>
    </ClCompile>
    <ClCompile Include="scene\Material.cpp">
      <Filter>scene</Filter>
    </ClCompile>
    <ClCompile Include="scene\Shape.cpp">
      <Filter>scene</Filter>
    </ClCompile>
    <ClCompile Include="backends\ray_tracing\RayTracingOpenMP.cpp">
      <Filter>backends\ray_tracing</Filter>
	</ClCompile>
    <ClCompile Include="scene\Scene.cpp">
      <Filter>scene</Filter>
    </ClCompile>
    <ClCompile Include="scene\SceneLoader.cpp">
      <Filter>scene</Filter>
    </ClCompile>
    <ClCompile Include="scene\scene_loaders\ObjLoader.cpp">
      <Filter>scene\scene_loaders</Filter>
    </ClCompile>
    <ClCompile Include="scene\scene_loaders\MtlParser.cpp">
      <Filter>scene\scene_loaders</Filter>
    </ClCompile>
    <ClCompile Include="scene\scene_loaders\UnknownFormatException.cpp">
      <Filter>scene\scene_loaders</Filter>
    </ClCompile>
    <ClCompile Include="scene\scene_loaders\IOException.cpp">
      <Filter>scene\scene_loaders</Filter>
    </ClCompile>
    <ClCompile Include="scene\scene_loaders\ParseError.cpp">
      <Filter>scene\scene_loaders</Filter>
    </ClCompile>
    <ClCompile Include="frontends\frontend_controller\BackendController.cpp">
      <Filter>frontends\frontend_controller</Filter>
    </ClCompile>
  </ItemGroup>
  <ItemGroup>
    <ClInclude Include="backends\Backend.h">
      <Filter>backends</Filter>
    </ClInclude>
    <ClInclude Include="backends\Image.h">
      <Filter>backends</Filter>
    </ClInclude>
    <ClInclude Include="backends\solid_color_cuda\SolidColorCudaBackend.h">
      <Filter>backends\solid_color_cuda</Filter>
    </ClInclude>
    <ClInclude Include="frontends\Frontend.h">
      <Filter>frontends</Filter>
    </ClInclude>
    <ClInclude Include="frontends\frontend_controller\CountDownLatch.h">
      <Filter>frontends\frontend_controller</Filter>
    </ClInclude>
    <ClInclude Include="frontends\frontend_controller\FrontendController.h">
      <Filter>frontends\frontend_controller</Filter>
    </ClInclude>
    <ClInclude Include="frontends\sdl\SDLError.h">
      <Filter>frontends\sdl</Filter>
    </ClInclude>
    <ClInclude Include="frontends\sdl\SDLFrontend.h">
      <Filter>frontends\sdl</Filter>
    </ClInclude>
    <ClInclude Include="frontends\image\ImageError.h">
      <Filter>frontends\image</Filter>
    </ClInclude>
    <ClInclude Include="frontends\image\ImageFrontend.h">
      <Filter>frontends\image</Filter>
    </ClInclude>
    <ClInclude Include="frontends\frontend_controller\FrontendInstance.h">
      <Filter>frontends\frontend_controller</Filter>
    </ClInclude>
    <ClInclude Include="scene\Models.h">
      <Filter>scene</Filter>
    </ClInclude>
    <ClInclude Include="scene\Point.h">
      <Filter>scene</Filter>
    </ClInclude>
    <ClInclude Include="scene\Triangle.h">
      <Filter>scene</Filter>
    </ClInclude>
    <ClInclude Include="scene\Vector.h">
      <Filter>scene</Filter>
    </ClInclude>
    <ClInclude Include="application\Application.h">
      <Filter>application</Filter>
    </ClInclude>
    <ClInclude Include="application\ApplicationOptions.h">
      <Filter>application</Filter>
    </ClInclude>
    <ClInclude Include="application\BackendInitializer.h">
      <Filter>application</Filter>
    </ClInclude>
    <ClInclude Include="scene\Color.h">
      <Filter>scene</Filter>
    </ClInclude>
    <ClInclude Include="scene\Material.h">
      <Filter>scene</Filter>
    </ClInclude>
    <ClInclude Include="scene\Shape.h">
      <Filter>scene</Filter>
    </ClInclude>
    <ClInclude Include="backends\ray_tracing\RayTracingOpenMP.h">
      <Filter>backends\ray_tracing</Filter>
	</ClInclude>
    <ClInclude Include="scene\Scene.h">
      <Filter>scene</Filter>
    </ClInclude>
    <ClInclude Include="scene\SceneLoader.h">
      <Filter>scene</Filter>
    </ClInclude>
    <ClInclude Include="scene\scene_loaders\ObjLoader.h">
      <Filter>scene\scene_loaders</Filter>
    </ClInclude>
    <ClInclude Include="scene\scene_loaders\MtlParser.h">
      <Filter>scene\scene_loaders</Filter>
    </ClInclude>
    <ClInclude Include="scene\scene_loaders\UnknownFormatException.h">
      <Filter>scene\scene_loaders</Filter>
    </ClInclude>
    <ClInclude Include="scene\scene_loaders\IOException.h">
      <Filter>scene\scene_loaders</Filter>
    </ClInclude>
    <ClInclude Include="scene\scene_loaders\ParseError.h">
      <Filter>scene\scene_loaders</Filter>
    </ClInclude>
    <ClInclude Include="frontends\frontend_controller\BackendController.h">
      <Filter>frontends\frontend_controller</Filter>
    </ClInclude>
    <ClInclude Include="backends\cuda_backend\CudaBackend.h">
      <Filter>backends\cuda_backend</Filter>
    </ClInclude>
    <ClInclude Include="backends\random_cuda\RandomCudaBackend.h">
      <Filter>backends\random_cuda</Filter>
    </ClInclude>
  </ItemGroup>
  <ItemGroup>
    <None Include="packages.config" />
  </ItemGroup>
  <ItemGroup>
    <CudaCompile Include="backends\solid_color_cuda\SolidColorCudaBackend.cu">
      <Filter>backends\solid_color_cuda</Filter>
    </CudaCompile>
    <CudaCompile Include="backends\cuda_backend\CudaBackend.cu">
      <Filter>backends\cuda_backend</Filter>
    </CudaCompile>
    <CudaCompile Include="backends\random_cuda\RandomCudaBackend.cu">
      <Filter>backends\random_cuda</Filter>
    </CudaCompile>
  </ItemGroup>
</Project>